
Microsoft Visual Studio Solution File, Format Version 12.00
# Visual Studio 15
VisualStudioVersion = 15.0.28010.2046
MinimumVisualStudioVersion = 10.0.40219.1
Project("{FAE04EC0-301F-11D3-BF4B-00C04F79EFBC}") = "MasaustuneCentik", "MasaustuneCentik\MasaustuneCentik.csproj", "{7113E73E-BA75-4757-99E1-697458A3A164}"
EndProject
Global
	GlobalSection(SolutionConfigurationPlatforms) = preSolution
		Debug|Any CPU = Debug|Any CPU
		Release|Any CPU = Release|Any CPU
	EndGlobalSection
	GlobalSection(ProjectConfigurationPlatforms) = postSolution
		{7113E73E-BA75-4757-99E1-697458A3A164}.Debug|Any CPU.ActiveCfg = Debug|Any CPU
		{7113E73E-BA75-4757-99E1-697458A3A164}.Debug|Any CPU.Build.0 = Debug|Any CPU
		{7113E73E-BA75-4757-99E1-697458A3A164}.Release|Any CPU.ActiveCfg = Release|Any CPU
		{7113E73E-BA75-4757-99E1-697458A3A164}.Release|Any CPU.Build.0 = Release|Any CPU
	EndGlobalSection
	GlobalSection(SolutionProperties) = preSolution
		HideSolutionNode = FALSE
	EndGlobalSection
	GlobalSection(ExtensibilityGlobals) = postSolution
		SolutionGuid = {26D96432-BD1D-4EF4-9EF1-8A3DF32E0470}
	EndGlobalSection
EndGlobal
